
Microsoft Visual Studio Solution File, Format Version 12.00
# Visual Studio Version 17
VisualStudioVersion = 17.11.35222.181
MinimumVisualStudioVersion = 10.0.40219.1
Project("{FAE04EC0-301F-11D3-BF4B-00C04F79EFBC}") = "1631. Path With Minimum Effort", "1631. Path With Minimum Effort\1631. Path With Minimum Effort.csproj", "{A5BFF83B-606A-4376-89FB-C5964F041C55}"
EndProject
Global
	GlobalSection(SolutionConfigurationPlatforms) = preSolution
		Debug|Any CPU = Debug|Any CPU
		Release|Any CPU = Release|Any CPU
	EndGlobalSection
	GlobalSection(ProjectConfigurationPlatforms) = postSolution
		{A5BFF83B-606A-4376-89FB-C5964F041C55}.Debug|Any CPU.ActiveCfg = Debug|Any CPU
		{A5BFF83B-606A-4376-89FB-C5964F041C55}.Debug|Any CPU.Build.0 = Debug|Any CPU
		{A5BFF83B-606A-4376-89FB-C5964F041C55}.Release|Any CPU.ActiveCfg = Release|Any CPU
		{A5BFF83B-606A-4376-89FB-C5964F041C55}.Release|Any CPU.Build.0 = Release|Any CPU
	EndGlobalSection
	GlobalSection(SolutionProperties) = preSolution
		HideSolutionNode = FALSE
	EndGlobalSection
	GlobalSection(ExtensibilityGlobals) = postSolution
		SolutionGuid = {0E15AEE2-FFD2-4174-BD05-CEC206306B23}
	EndGlobalSection
EndGlobal
