
Microsoft Visual Studio Solution File, Format Version 12.00
# Visual Studio Version 17
VisualStudioVersion = 17.11.35222.181
MinimumVisualStudioVersion = 10.0.40219.1
Project("{FAE04EC0-301F-11D3-BF4B-00C04F79EFBC}") = "567. Permutation in String", "567. Permutation in String\567. Permutation in String.csproj", "{41C96309-6B98-474C-8574-8236F22A8200}"
EndProject
Global
	GlobalSection(SolutionConfigurationPlatforms) = preSolution
		Debug|Any CPU = Debug|Any CPU
		Release|Any CPU = Release|Any CPU
	EndGlobalSection
	GlobalSection(ProjectConfigurationPlatforms) = postSolution
		{41C96309-6B98-474C-8574-8236F22A8200}.Debug|Any CPU.ActiveCfg = Debug|Any CPU
		{41C96309-6B98-474C-8574-8236F22A8200}.Debug|Any CPU.Build.0 = Debug|Any CPU
		{41C96309-6B98-474C-8574-8236F22A8200}.Release|Any CPU.ActiveCfg = Release|Any CPU
		{41C96309-6B98-474C-8574-8236F22A8200}.Release|Any CPU.Build.0 = Release|Any CPU
	EndGlobalSection
	GlobalSection(SolutionProperties) = preSolution
		HideSolutionNode = FALSE
	EndGlobalSection
	GlobalSection(ExtensibilityGlobals) = postSolution
		SolutionGuid = {2B059F94-5B30-46EB-8E1B-402D0819E1C1}
	EndGlobalSection
EndGlobal
