
Microsoft Visual Studio Solution File, Format Version 12.00
# Visual Studio Version 17
VisualStudioVersion = 17.11.35222.181
MinimumVisualStudioVersion = 10.0.40219.1
Project("{FAE04EC0-301F-11D3-BF4B-00C04F79EFBC}") = "198. House Robber", "198. House Robber\198. House Robber.csproj", "{DB8A3CD3-298C-4F1B-890E-CEE1402100BD}"
EndProject
Global
	GlobalSection(SolutionConfigurationPlatforms) = preSolution
		Debug|Any CPU = Debug|Any CPU
		Release|Any CPU = Release|Any CPU
	EndGlobalSection
	GlobalSection(ProjectConfigurationPlatforms) = postSolution
		{DB8A3CD3-298C-4F1B-890E-CEE1402100BD}.Debug|Any CPU.ActiveCfg = Debug|Any CPU
		{DB8A3CD3-298C-4F1B-890E-CEE1402100BD}.Debug|Any CPU.Build.0 = Debug|Any CPU
		{DB8A3CD3-298C-4F1B-890E-CEE1402100BD}.Release|Any CPU.ActiveCfg = Release|Any CPU
		{DB8A3CD3-298C-4F1B-890E-CEE1402100BD}.Release|Any CPU.Build.0 = Release|Any CPU
	EndGlobalSection
	GlobalSection(SolutionProperties) = preSolution
		HideSolutionNode = FALSE
	EndGlobalSection
	GlobalSection(ExtensibilityGlobals) = postSolution
		SolutionGuid = {D157BE42-7250-4C6B-97ED-2AA4370DB067}
	EndGlobalSection
EndGlobal
