
Microsoft Visual Studio Solution File, Format Version 12.00
# Visual Studio Version 17
VisualStudioVersion = 17.11.35222.181
MinimumVisualStudioVersion = 10.0.40219.1
Project("{FAE04EC0-301F-11D3-BF4B-00C04F79EFBC}") = "78. Subsets", "78. Subsets\78. Subsets.csproj", "{64D834DF-2111-400B-85C2-0CF5991DC8F5}"
EndProject
Global
	GlobalSection(SolutionConfigurationPlatforms) = preSolution
		Debug|Any CPU = Debug|Any CPU
		Release|Any CPU = Release|Any CPU
	EndGlobalSection
	GlobalSection(ProjectConfigurationPlatforms) = postSolution
		{64D834DF-2111-400B-85C2-0CF5991DC8F5}.Debug|Any CPU.ActiveCfg = Debug|Any CPU
		{64D834DF-2111-400B-85C2-0CF5991DC8F5}.Debug|Any CPU.Build.0 = Debug|Any CPU
		{64D834DF-2111-400B-85C2-0CF5991DC8F5}.Release|Any CPU.ActiveCfg = Release|Any CPU
		{64D834DF-2111-400B-85C2-0CF5991DC8F5}.Release|Any CPU.Build.0 = Release|Any CPU
	EndGlobalSection
	GlobalSection(SolutionProperties) = preSolution
		HideSolutionNode = FALSE
	EndGlobalSection
	GlobalSection(ExtensibilityGlobals) = postSolution
		SolutionGuid = {14772BA2-6569-437A-BDE7-280A469FCE8B}
	EndGlobalSection
EndGlobal
