
Microsoft Visual Studio Solution File, Format Version 12.00
# Visual Studio Version 17
VisualStudioVersion = 17.8.34408.163
MinimumVisualStudioVersion = 10.0.40219.1
Project("{FAE04EC0-301F-11D3-BF4B-00C04F79EFBC}") = "49. Group Anagrams", "49. Group Anagrams\49. Group Anagrams.csproj", "{3D8BDB10-CA84-40E4-85B9-F47A72042251}"
EndProject
Global
	GlobalSection(SolutionConfigurationPlatforms) = preSolution
		Debug|Any CPU = Debug|Any CPU
		Release|Any CPU = Release|Any CPU
	EndGlobalSection
	GlobalSection(ProjectConfigurationPlatforms) = postSolution
		{3D8BDB10-CA84-40E4-85B9-F47A72042251}.Debug|Any CPU.ActiveCfg = Debug|Any CPU
		{3D8BDB10-CA84-40E4-85B9-F47A72042251}.Debug|Any CPU.Build.0 = Debug|Any CPU
		{3D8BDB10-CA84-40E4-85B9-F47A72042251}.Release|Any CPU.ActiveCfg = Release|Any CPU
		{3D8BDB10-CA84-40E4-85B9-F47A72042251}.Release|Any CPU.Build.0 = Release|Any CPU
	EndGlobalSection
	GlobalSection(SolutionProperties) = preSolution
		HideSolutionNode = FALSE
	EndGlobalSection
	GlobalSection(ExtensibilityGlobals) = postSolution
		SolutionGuid = {50157DA5-01CA-42C2-82DA-1694FA65F506}
	EndGlobalSection
EndGlobal
