
Microsoft Visual Studio Solution File, Format Version 12.00
# Visual Studio Version 17
VisualStudioVersion = 17.2.32516.85
MinimumVisualStudioVersion = 10.0.40219.1
Project("{FAE04EC0-301F-11D3-BF4B-00C04F79EFBC}") = "1207. Unique Number of Occurrences", "1207. Unique Number of Occurrences\1207. Unique Number of Occurrences.csproj", "{C4F0076B-4A16-41BC-B244-54C7D27B68A2}"
EndProject
Global
	GlobalSection(SolutionConfigurationPlatforms) = preSolution
		Debug|Any CPU = Debug|Any CPU
		Release|Any CPU = Release|Any CPU
	EndGlobalSection
	GlobalSection(ProjectConfigurationPlatforms) = postSolution
		{C4F0076B-4A16-41BC-B244-54C7D27B68A2}.Debug|Any CPU.ActiveCfg = Debug|Any CPU
		{C4F0076B-4A16-41BC-B244-54C7D27B68A2}.Debug|Any CPU.Build.0 = Debug|Any CPU
		{C4F0076B-4A16-41BC-B244-54C7D27B68A2}.Release|Any CPU.ActiveCfg = Release|Any CPU
		{C4F0076B-4A16-41BC-B244-54C7D27B68A2}.Release|Any CPU.Build.0 = Release|Any CPU
	EndGlobalSection
	GlobalSection(SolutionProperties) = preSolution
		HideSolutionNode = FALSE
	EndGlobalSection
	GlobalSection(ExtensibilityGlobals) = postSolution
		SolutionGuid = {597E1BBB-2E84-40CC-8562-2AABD4C2822D}
	EndGlobalSection
EndGlobal
