
Microsoft Visual Studio Solution File, Format Version 12.00
# Visual Studio Version 17
VisualStudioVersion = 17.11.35222.181
MinimumVisualStudioVersion = 10.0.40219.1
Project("{FAE04EC0-301F-11D3-BF4B-00C04F79EFBC}") = "2938. Separate Black and White Balls", "2938. Separate Black and White Balls\2938. Separate Black and White Balls.csproj", "{9334F551-8DFA-403E-9B50-DAF2759C4430}"
EndProject
Global
	GlobalSection(SolutionConfigurationPlatforms) = preSolution
		Debug|Any CPU = Debug|Any CPU
		Release|Any CPU = Release|Any CPU
	EndGlobalSection
	GlobalSection(ProjectConfigurationPlatforms) = postSolution
		{9334F551-8DFA-403E-9B50-DAF2759C4430}.Debug|Any CPU.ActiveCfg = Debug|Any CPU
		{9334F551-8DFA-403E-9B50-DAF2759C4430}.Debug|Any CPU.Build.0 = Debug|Any CPU
		{9334F551-8DFA-403E-9B50-DAF2759C4430}.Release|Any CPU.ActiveCfg = Release|Any CPU
		{9334F551-8DFA-403E-9B50-DAF2759C4430}.Release|Any CPU.Build.0 = Release|Any CPU
	EndGlobalSection
	GlobalSection(SolutionProperties) = preSolution
		HideSolutionNode = FALSE
	EndGlobalSection
	GlobalSection(ExtensibilityGlobals) = postSolution
		SolutionGuid = {9BFFDC60-D793-488B-9723-3CD8E7C98E6F}
	EndGlobalSection
EndGlobal
