
Microsoft Visual Studio Solution File, Format Version 12.00
# Visual Studio Version 17
VisualStudioVersion = 17.11.35222.181
MinimumVisualStudioVersion = 10.0.40219.1
Project("{FAE04EC0-301F-11D3-BF4B-00C04F79EFBC}") = "3341. Find Minimum Time to Reach Last Room I", "3341. Find Minimum Time to Reach Last Room I\3341. Find Minimum Time to Reach Last Room I.csproj", "{01F54C8B-D536-4FAE-883F-C3AD84A3F8A9}"
EndProject
Global
	GlobalSection(SolutionConfigurationPlatforms) = preSolution
		Debug|Any CPU = Debug|Any CPU
		Release|Any CPU = Release|Any CPU
	EndGlobalSection
	GlobalSection(ProjectConfigurationPlatforms) = postSolution
		{01F54C8B-D536-4FAE-883F-C3AD84A3F8A9}.Debug|Any CPU.ActiveCfg = Debug|Any CPU
		{01F54C8B-D536-4FAE-883F-C3AD84A3F8A9}.Debug|Any CPU.Build.0 = Debug|Any CPU
		{01F54C8B-D536-4FAE-883F-C3AD84A3F8A9}.Release|Any CPU.ActiveCfg = Release|Any CPU
		{01F54C8B-D536-4FAE-883F-C3AD84A3F8A9}.Release|Any CPU.Build.0 = Release|Any CPU
	EndGlobalSection
	GlobalSection(SolutionProperties) = preSolution
		HideSolutionNode = FALSE
	EndGlobalSection
	GlobalSection(ExtensibilityGlobals) = postSolution
		SolutionGuid = {E484C313-176C-48F8-8A82-5A8FECDF8570}
	EndGlobalSection
EndGlobal
