
Microsoft Visual Studio Solution File, Format Version 12.00
# Visual Studio Version 17
VisualStudioVersion = 17.10.35122.118
MinimumVisualStudioVersion = 10.0.40219.1
Project("{FAE04EC0-301F-11D3-BF4B-00C04F79EFBC}") = "155. Min Stack", "155. Min Stack\155. Min Stack.csproj", "{A60E69FC-C0FF-416D-990D-E9B6C92BB76D}"
EndProject
Global
	GlobalSection(SolutionConfigurationPlatforms) = preSolution
		Debug|Any CPU = Debug|Any CPU
		Release|Any CPU = Release|Any CPU
	EndGlobalSection
	GlobalSection(ProjectConfigurationPlatforms) = postSolution
		{A60E69FC-C0FF-416D-990D-E9B6C92BB76D}.Debug|Any CPU.ActiveCfg = Debug|Any CPU
		{A60E69FC-C0FF-416D-990D-E9B6C92BB76D}.Debug|Any CPU.Build.0 = Debug|Any CPU
		{A60E69FC-C0FF-416D-990D-E9B6C92BB76D}.Release|Any CPU.ActiveCfg = Release|Any CPU
		{A60E69FC-C0FF-416D-990D-E9B6C92BB76D}.Release|Any CPU.Build.0 = Release|Any CPU
	EndGlobalSection
	GlobalSection(SolutionProperties) = preSolution
		HideSolutionNode = FALSE
	EndGlobalSection
	GlobalSection(ExtensibilityGlobals) = postSolution
		SolutionGuid = {D810252E-B19C-4114-9793-16CDC69BDCDE}
	EndGlobalSection
EndGlobal
