
Microsoft Visual Studio Solution File, Format Version 12.00
# Visual Studio Version 17
VisualStudioVersion = 17.2.32516.85
MinimumVisualStudioVersion = 10.0.40219.1
Project("{FAE04EC0-301F-11D3-BF4B-00C04F79EFBC}") = "134. Gas Station", "134. Gas Station\134. Gas Station.csproj", "{35892D4A-37E2-4B36-8F70-A1C6AADFA0A1}"
EndProject
Global
	GlobalSection(SolutionConfigurationPlatforms) = preSolution
		Debug|Any CPU = Debug|Any CPU
		Release|Any CPU = Release|Any CPU
	EndGlobalSection
	GlobalSection(ProjectConfigurationPlatforms) = postSolution
		{35892D4A-37E2-4B36-8F70-A1C6AADFA0A1}.Debug|Any CPU.ActiveCfg = Debug|Any CPU
		{35892D4A-37E2-4B36-8F70-A1C6AADFA0A1}.Debug|Any CPU.Build.0 = Debug|Any CPU
		{35892D4A-37E2-4B36-8F70-A1C6AADFA0A1}.Release|Any CPU.ActiveCfg = Release|Any CPU
		{35892D4A-37E2-4B36-8F70-A1C6AADFA0A1}.Release|Any CPU.Build.0 = Release|Any CPU
	EndGlobalSection
	GlobalSection(SolutionProperties) = preSolution
		HideSolutionNode = FALSE
	EndGlobalSection
	GlobalSection(ExtensibilityGlobals) = postSolution
		SolutionGuid = {6ACF0436-5F85-4F3B-9190-6FB40FA09068}
	EndGlobalSection
EndGlobal
