
Microsoft Visual Studio Solution File, Format Version 12.00
# Visual Studio Version 17
VisualStudioVersion = 17.8.34408.163
MinimumVisualStudioVersion = 10.0.40219.1
Project("{FAE04EC0-301F-11D3-BF4B-00C04F79EFBC}") = "94. Binary Tree Inorder Traversal", "94. Binary Tree Inorder Traversal\94. Binary Tree Inorder Traversal.csproj", "{389FA461-AD46-4554-97D6-2D065959E23F}"
EndProject
Global
	GlobalSection(SolutionConfigurationPlatforms) = preSolution
		Debug|Any CPU = Debug|Any CPU
		Release|Any CPU = Release|Any CPU
	EndGlobalSection
	GlobalSection(ProjectConfigurationPlatforms) = postSolution
		{389FA461-AD46-4554-97D6-2D065959E23F}.Debug|Any CPU.ActiveCfg = Debug|Any CPU
		{389FA461-AD46-4554-97D6-2D065959E23F}.Debug|Any CPU.Build.0 = Debug|Any CPU
		{389FA461-AD46-4554-97D6-2D065959E23F}.Release|Any CPU.ActiveCfg = Release|Any CPU
		{389FA461-AD46-4554-97D6-2D065959E23F}.Release|Any CPU.Build.0 = Release|Any CPU
	EndGlobalSection
	GlobalSection(SolutionProperties) = preSolution
		HideSolutionNode = FALSE
	EndGlobalSection
	GlobalSection(ExtensibilityGlobals) = postSolution
		SolutionGuid = {7907123B-0E6D-4ADE-B226-4123483EB08E}
	EndGlobalSection
EndGlobal
