
Microsoft Visual Studio Solution File, Format Version 12.00
# Visual Studio Version 17
VisualStudioVersion = 17.11.35222.181
MinimumVisualStudioVersion = 10.0.40219.1
Project("{FAE04EC0-301F-11D3-BF4B-00C04F79EFBC}") = "206. Reverse Linked List", "206. Reverse Linked List\206. Reverse Linked List.csproj", "{6DF50D14-7754-40BC-81BB-BA767D974F59}"
EndProject
Global
	GlobalSection(SolutionConfigurationPlatforms) = preSolution
		Debug|Any CPU = Debug|Any CPU
		Release|Any CPU = Release|Any CPU
	EndGlobalSection
	GlobalSection(ProjectConfigurationPlatforms) = postSolution
		{6DF50D14-7754-40BC-81BB-BA767D974F59}.Debug|Any CPU.ActiveCfg = Debug|Any CPU
		{6DF50D14-7754-40BC-81BB-BA767D974F59}.Debug|Any CPU.Build.0 = Debug|Any CPU
		{6DF50D14-7754-40BC-81BB-BA767D974F59}.Release|Any CPU.ActiveCfg = Release|Any CPU
		{6DF50D14-7754-40BC-81BB-BA767D974F59}.Release|Any CPU.Build.0 = Release|Any CPU
	EndGlobalSection
	GlobalSection(SolutionProperties) = preSolution
		HideSolutionNode = FALSE
	EndGlobalSection
	GlobalSection(ExtensibilityGlobals) = postSolution
		SolutionGuid = {88276422-FC9E-4D03-97F5-450109EA5B47}
	EndGlobalSection
EndGlobal
