
Microsoft Visual Studio Solution File, Format Version 12.00
# Visual Studio Version 17
VisualStudioVersion = 17.2.32516.85
MinimumVisualStudioVersion = 10.0.40219.1
Project("{FAE04EC0-301F-11D3-BF4B-00C04F79EFBC}") = "2089. Find Target Indices After Sorting Array", "2089. Find Target Indices After Sorting Array\2089. Find Target Indices After Sorting Array.csproj", "{2126CB54-C238-4880-8131-DED77AEB5724}"
EndProject
Global
	GlobalSection(SolutionConfigurationPlatforms) = preSolution
		Debug|Any CPU = Debug|Any CPU
		Release|Any CPU = Release|Any CPU
	EndGlobalSection
	GlobalSection(ProjectConfigurationPlatforms) = postSolution
		{2126CB54-C238-4880-8131-DED77AEB5724}.Debug|Any CPU.ActiveCfg = Debug|Any CPU
		{2126CB54-C238-4880-8131-DED77AEB5724}.Debug|Any CPU.Build.0 = Debug|Any CPU
		{2126CB54-C238-4880-8131-DED77AEB5724}.Release|Any CPU.ActiveCfg = Release|Any CPU
		{2126CB54-C238-4880-8131-DED77AEB5724}.Release|Any CPU.Build.0 = Release|Any CPU
	EndGlobalSection
	GlobalSection(SolutionProperties) = preSolution
		HideSolutionNode = FALSE
	EndGlobalSection
	GlobalSection(ExtensibilityGlobals) = postSolution
		SolutionGuid = {A533A47A-AAC9-4D18-8123-E59107D6A826}
	EndGlobalSection
EndGlobal
