
Microsoft Visual Studio Solution File, Format Version 12.00
# Visual Studio Version 17
VisualStudioVersion = 17.2.32516.85
MinimumVisualStudioVersion = 10.0.40219.1
Project("{FAE04EC0-301F-11D3-BF4B-00C04F79EFBC}") = "34. Find First and Last Position of Element in Sorted Array", "34. Find First and Last Position of Element in Sorted Array\34. Find First and Last Position of Element in Sorted Array.csproj", "{521638F1-5F9B-434C-8AB9-2506BC05B38C}"
EndProject
Global
	GlobalSection(SolutionConfigurationPlatforms) = preSolution
		Debug|Any CPU = Debug|Any CPU
		Release|Any CPU = Release|Any CPU
	EndGlobalSection
	GlobalSection(ProjectConfigurationPlatforms) = postSolution
		{521638F1-5F9B-434C-8AB9-2506BC05B38C}.Debug|Any CPU.ActiveCfg = Debug|Any CPU
		{521638F1-5F9B-434C-8AB9-2506BC05B38C}.Debug|Any CPU.Build.0 = Debug|Any CPU
		{521638F1-5F9B-434C-8AB9-2506BC05B38C}.Release|Any CPU.ActiveCfg = Release|Any CPU
		{521638F1-5F9B-434C-8AB9-2506BC05B38C}.Release|Any CPU.Build.0 = Release|Any CPU
	EndGlobalSection
	GlobalSection(SolutionProperties) = preSolution
		HideSolutionNode = FALSE
	EndGlobalSection
	GlobalSection(ExtensibilityGlobals) = postSolution
		SolutionGuid = {ADCC4CF3-270A-46EF-BB15-14F2555F068C}
	EndGlobalSection
EndGlobal
