
Microsoft Visual Studio Solution File, Format Version 12.00
# Visual Studio Version 17
VisualStudioVersion = 17.11.35222.181
MinimumVisualStudioVersion = 10.0.40219.1
Project("{FAE04EC0-301F-11D3-BF4B-00C04F79EFBC}") = "424. Longest Repeating Character Replacement", "424. Longest Repeating Character Replacement\424. Longest Repeating Character Replacement.csproj", "{00117E3A-DCBB-4271-BBB4-AD17E743FD02}"
EndProject
Global
	GlobalSection(SolutionConfigurationPlatforms) = preSolution
		Debug|Any CPU = Debug|Any CPU
		Release|Any CPU = Release|Any CPU
	EndGlobalSection
	GlobalSection(ProjectConfigurationPlatforms) = postSolution
		{00117E3A-DCBB-4271-BBB4-AD17E743FD02}.Debug|Any CPU.ActiveCfg = Debug|Any CPU
		{00117E3A-DCBB-4271-BBB4-AD17E743FD02}.Debug|Any CPU.Build.0 = Debug|Any CPU
		{00117E3A-DCBB-4271-BBB4-AD17E743FD02}.Release|Any CPU.ActiveCfg = Release|Any CPU
		{00117E3A-DCBB-4271-BBB4-AD17E743FD02}.Release|Any CPU.Build.0 = Release|Any CPU
	EndGlobalSection
	GlobalSection(SolutionProperties) = preSolution
		HideSolutionNode = FALSE
	EndGlobalSection
	GlobalSection(ExtensibilityGlobals) = postSolution
		SolutionGuid = {B0D3CC57-2A05-4D16-AD56-81D2939681C4}
	EndGlobalSection
EndGlobal
