
Microsoft Visual Studio Solution File, Format Version 12.00
# Visual Studio Version 17
VisualStudioVersion = 17.11.35222.181
MinimumVisualStudioVersion = 10.0.40219.1
Project("{FAE04EC0-301F-11D3-BF4B-00C04F79EFBC}") = "102. Binary Tree Level Order Traversal", "102. Binary Tree Level Order Traversal\102. Binary Tree Level Order Traversal.csproj", "{4D54A842-AD0C-42AB-AF31-A3DA867E1A63}"
EndProject
Global
	GlobalSection(SolutionConfigurationPlatforms) = preSolution
		Debug|Any CPU = Debug|Any CPU
		Release|Any CPU = Release|Any CPU
	EndGlobalSection
	GlobalSection(ProjectConfigurationPlatforms) = postSolution
		{4D54A842-AD0C-42AB-AF31-A3DA867E1A63}.Debug|Any CPU.ActiveCfg = Debug|Any CPU
		{4D54A842-AD0C-42AB-AF31-A3DA867E1A63}.Debug|Any CPU.Build.0 = Debug|Any CPU
		{4D54A842-AD0C-42AB-AF31-A3DA867E1A63}.Release|Any CPU.ActiveCfg = Release|Any CPU
		{4D54A842-AD0C-42AB-AF31-A3DA867E1A63}.Release|Any CPU.Build.0 = Release|Any CPU
	EndGlobalSection
	GlobalSection(SolutionProperties) = preSolution
		HideSolutionNode = FALSE
	EndGlobalSection
	GlobalSection(ExtensibilityGlobals) = postSolution
		SolutionGuid = {E4671D63-F926-4F6A-B2C1-F6C103B7675F}
	EndGlobalSection
EndGlobal
