
Microsoft Visual Studio Solution File, Format Version 12.00
# Visual Studio Version 17
VisualStudioVersion = 17.11.35222.181
MinimumVisualStudioVersion = 10.0.40219.1
Project("{FAE04EC0-301F-11D3-BF4B-00C04F79EFBC}") = "2326. Spiral Matrix IV", "2326. Spiral Matrix IV\2326. Spiral Matrix IV.csproj", "{B1321D2D-22C6-4526-892B-CB614CB96C59}"
EndProject
Global
	GlobalSection(SolutionConfigurationPlatforms) = preSolution
		Debug|Any CPU = Debug|Any CPU
		Release|Any CPU = Release|Any CPU
	EndGlobalSection
	GlobalSection(ProjectConfigurationPlatforms) = postSolution
		{B1321D2D-22C6-4526-892B-CB614CB96C59}.Debug|Any CPU.ActiveCfg = Debug|Any CPU
		{B1321D2D-22C6-4526-892B-CB614CB96C59}.Debug|Any CPU.Build.0 = Debug|Any CPU
		{B1321D2D-22C6-4526-892B-CB614CB96C59}.Release|Any CPU.ActiveCfg = Release|Any CPU
		{B1321D2D-22C6-4526-892B-CB614CB96C59}.Release|Any CPU.Build.0 = Release|Any CPU
	EndGlobalSection
	GlobalSection(SolutionProperties) = preSolution
		HideSolutionNode = FALSE
	EndGlobalSection
	GlobalSection(ExtensibilityGlobals) = postSolution
		SolutionGuid = {AB34CA65-C4B8-4A11-83C8-F2CF37A53747}
	EndGlobalSection
EndGlobal
