
Microsoft Visual Studio Solution File, Format Version 12.00
# Visual Studio Version 17
VisualStudioVersion = 17.2.32516.85
MinimumVisualStudioVersion = 10.0.40219.1
Project("{FAE04EC0-301F-11D3-BF4B-00C04F79EFBC}") = "118. Pascal's Triangle", "118. Pascal's Triangle\118. Pascal's Triangle.csproj", "{EDF6F917-EEDF-44E0-A2DC-C7ADDD3B96E1}"
EndProject
Global
	GlobalSection(SolutionConfigurationPlatforms) = preSolution
		Debug|Any CPU = Debug|Any CPU
		Release|Any CPU = Release|Any CPU
	EndGlobalSection
	GlobalSection(ProjectConfigurationPlatforms) = postSolution
		{EDF6F917-EEDF-44E0-A2DC-C7ADDD3B96E1}.Debug|Any CPU.ActiveCfg = Debug|Any CPU
		{EDF6F917-EEDF-44E0-A2DC-C7ADDD3B96E1}.Debug|Any CPU.Build.0 = Debug|Any CPU
		{EDF6F917-EEDF-44E0-A2DC-C7ADDD3B96E1}.Release|Any CPU.ActiveCfg = Release|Any CPU
		{EDF6F917-EEDF-44E0-A2DC-C7ADDD3B96E1}.Release|Any CPU.Build.0 = Release|Any CPU
	EndGlobalSection
	GlobalSection(SolutionProperties) = preSolution
		HideSolutionNode = FALSE
	EndGlobalSection
	GlobalSection(ExtensibilityGlobals) = postSolution
		SolutionGuid = {5DC9A470-3ABC-4FC1-A1F3-72DB1FB84F2C}
	EndGlobalSection
EndGlobal
