
Microsoft Visual Studio Solution File, Format Version 12.00
# Visual Studio Version 17
VisualStudioVersion = 17.11.35222.181
MinimumVisualStudioVersion = 10.0.40219.1
Project("{FAE04EC0-301F-11D3-BF4B-00C04F79EFBC}") = "1007. Minimum Domino Rotations For Equal Row", "1007. Minimum Domino Rotations For Equal Row\1007. Minimum Domino Rotations For Equal Row.csproj", "{C8973C85-97C4-46BD-97E2-00DAA49F0C7E}"
EndProject
Global
	GlobalSection(SolutionConfigurationPlatforms) = preSolution
		Debug|Any CPU = Debug|Any CPU
		Release|Any CPU = Release|Any CPU
	EndGlobalSection
	GlobalSection(ProjectConfigurationPlatforms) = postSolution
		{C8973C85-97C4-46BD-97E2-00DAA49F0C7E}.Debug|Any CPU.ActiveCfg = Debug|Any CPU
		{C8973C85-97C4-46BD-97E2-00DAA49F0C7E}.Debug|Any CPU.Build.0 = Debug|Any CPU
		{C8973C85-97C4-46BD-97E2-00DAA49F0C7E}.Release|Any CPU.ActiveCfg = Release|Any CPU
		{C8973C85-97C4-46BD-97E2-00DAA49F0C7E}.Release|Any CPU.Build.0 = Release|Any CPU
	EndGlobalSection
	GlobalSection(SolutionProperties) = preSolution
		HideSolutionNode = FALSE
	EndGlobalSection
	GlobalSection(ExtensibilityGlobals) = postSolution
		SolutionGuid = {6D2B640E-4F42-4CF4-96E5-9DF6A89ED311}
	EndGlobalSection
EndGlobal
