
Microsoft Visual Studio Solution File, Format Version 12.00
# Visual Studio Version 17
VisualStudioVersion = 17.11.35222.181
MinimumVisualStudioVersion = 10.0.40219.1
Project("{FAE04EC0-301F-11D3-BF4B-00C04F79EFBC}") = "2641. Cousins in Binary Tree II", "2641. Cousins in Binary Tree II\2641. Cousins in Binary Tree II.csproj", "{7ACBC380-9DC1-4E3E-9AAB-3B41F53F5304}"
EndProject
Global
	GlobalSection(SolutionConfigurationPlatforms) = preSolution
		Debug|Any CPU = Debug|Any CPU
		Release|Any CPU = Release|Any CPU
	EndGlobalSection
	GlobalSection(ProjectConfigurationPlatforms) = postSolution
		{7ACBC380-9DC1-4E3E-9AAB-3B41F53F5304}.Debug|Any CPU.ActiveCfg = Debug|Any CPU
		{7ACBC380-9DC1-4E3E-9AAB-3B41F53F5304}.Debug|Any CPU.Build.0 = Debug|Any CPU
		{7ACBC380-9DC1-4E3E-9AAB-3B41F53F5304}.Release|Any CPU.ActiveCfg = Release|Any CPU
		{7ACBC380-9DC1-4E3E-9AAB-3B41F53F5304}.Release|Any CPU.Build.0 = Release|Any CPU
	EndGlobalSection
	GlobalSection(SolutionProperties) = preSolution
		HideSolutionNode = FALSE
	EndGlobalSection
	GlobalSection(ExtensibilityGlobals) = postSolution
		SolutionGuid = {0836EEA5-3F20-443E-9F04-3B574C6DC936}
	EndGlobalSection
EndGlobal
