
Microsoft Visual Studio Solution File, Format Version 12.00
# Visual Studio Version 17
VisualStudioVersion = 17.11.35222.181
MinimumVisualStudioVersion = 10.0.40219.1
Project("{FAE04EC0-301F-11D3-BF4B-00C04F79EFBC}") = "1942. The Number of the Smallest Unoccupied Chair", "1942. The Number of the Smallest Unoccupied Chair\1942. The Number of the Smallest Unoccupied Chair.csproj", "{904327DD-A9BE-4DFF-B94A-3E00CBA30A65}"
EndProject
Global
	GlobalSection(SolutionConfigurationPlatforms) = preSolution
		Debug|Any CPU = Debug|Any CPU
		Release|Any CPU = Release|Any CPU
	EndGlobalSection
	GlobalSection(ProjectConfigurationPlatforms) = postSolution
		{904327DD-A9BE-4DFF-B94A-3E00CBA30A65}.Debug|Any CPU.ActiveCfg = Debug|Any CPU
		{904327DD-A9BE-4DFF-B94A-3E00CBA30A65}.Debug|Any CPU.Build.0 = Debug|Any CPU
		{904327DD-A9BE-4DFF-B94A-3E00CBA30A65}.Release|Any CPU.ActiveCfg = Release|Any CPU
		{904327DD-A9BE-4DFF-B94A-3E00CBA30A65}.Release|Any CPU.Build.0 = Release|Any CPU
	EndGlobalSection
	GlobalSection(SolutionProperties) = preSolution
		HideSolutionNode = FALSE
	EndGlobalSection
	GlobalSection(ExtensibilityGlobals) = postSolution
		SolutionGuid = {B75F28BB-E515-40E6-8500-CAD29C3E75CA}
	EndGlobalSection
EndGlobal
