
Microsoft Visual Studio Solution File, Format Version 12.00
# Visual Studio Version 17
VisualStudioVersion = 17.11.35222.181
MinimumVisualStudioVersion = 10.0.40219.1
Project("{FAE04EC0-301F-11D3-BF4B-00C04F79EFBC}") = "1367. Linked List in Binary Tree", "1367. Linked List in Binary Tree\1367. Linked List in Binary Tree.csproj", "{89E644E4-D03C-4F7E-B187-3F623A536FE2}"
EndProject
Global
	GlobalSection(SolutionConfigurationPlatforms) = preSolution
		Debug|Any CPU = Debug|Any CPU
		Release|Any CPU = Release|Any CPU
	EndGlobalSection
	GlobalSection(ProjectConfigurationPlatforms) = postSolution
		{89E644E4-D03C-4F7E-B187-3F623A536FE2}.Debug|Any CPU.ActiveCfg = Debug|Any CPU
		{89E644E4-D03C-4F7E-B187-3F623A536FE2}.Debug|Any CPU.Build.0 = Debug|Any CPU
		{89E644E4-D03C-4F7E-B187-3F623A536FE2}.Release|Any CPU.ActiveCfg = Release|Any CPU
		{89E644E4-D03C-4F7E-B187-3F623A536FE2}.Release|Any CPU.Build.0 = Release|Any CPU
	EndGlobalSection
	GlobalSection(SolutionProperties) = preSolution
		HideSolutionNode = FALSE
	EndGlobalSection
	GlobalSection(ExtensibilityGlobals) = postSolution
		SolutionGuid = {887B55B2-05BE-4A4D-9A05-5B8A050A9FC1}
	EndGlobalSection
EndGlobal
