
Microsoft Visual Studio Solution File, Format Version 12.00
# Visual Studio Version 17
VisualStudioVersion = 17.11.35222.181
MinimumVisualStudioVersion = 10.0.40219.1
Project("{FAE04EC0-301F-11D3-BF4B-00C04F79EFBC}") = "236. Lowest Common Ancestor of a Binary Tree", "236. Lowest Common Ancestor of a Binary Tree\236. Lowest Common Ancestor of a Binary Tree.csproj", "{C53B5609-D8B4-4062-84A8-EA9D2561357A}"
EndProject
Global
	GlobalSection(SolutionConfigurationPlatforms) = preSolution
		Debug|Any CPU = Debug|Any CPU
		Release|Any CPU = Release|Any CPU
	EndGlobalSection
	GlobalSection(ProjectConfigurationPlatforms) = postSolution
		{C53B5609-D8B4-4062-84A8-EA9D2561357A}.Debug|Any CPU.ActiveCfg = Debug|Any CPU
		{C53B5609-D8B4-4062-84A8-EA9D2561357A}.Debug|Any CPU.Build.0 = Debug|Any CPU
		{C53B5609-D8B4-4062-84A8-EA9D2561357A}.Release|Any CPU.ActiveCfg = Release|Any CPU
		{C53B5609-D8B4-4062-84A8-EA9D2561357A}.Release|Any CPU.Build.0 = Release|Any CPU
	EndGlobalSection
	GlobalSection(SolutionProperties) = preSolution
		HideSolutionNode = FALSE
	EndGlobalSection
	GlobalSection(ExtensibilityGlobals) = postSolution
		SolutionGuid = {75F7E67A-BA7E-451C-9201-E778F0FE7979}
	EndGlobalSection
EndGlobal
