
Microsoft Visual Studio Solution File, Format Version 12.00
# Visual Studio Version 17
VisualStudioVersion = 17.2.32516.85
MinimumVisualStudioVersion = 10.0.40219.1
Project("{FAE04EC0-301F-11D3-BF4B-00C04F79EFBC}") = "242. Valid Anagram", "242. Valid Anagram\242. Valid Anagram.csproj", "{4C737E64-50AA-4F5F-9AB7-FFB8650664C8}"
EndProject
Global
	GlobalSection(SolutionConfigurationPlatforms) = preSolution
		Debug|Any CPU = Debug|Any CPU
		Release|Any CPU = Release|Any CPU
	EndGlobalSection
	GlobalSection(ProjectConfigurationPlatforms) = postSolution
		{4C737E64-50AA-4F5F-9AB7-FFB8650664C8}.Debug|Any CPU.ActiveCfg = Debug|Any CPU
		{4C737E64-50AA-4F5F-9AB7-FFB8650664C8}.Debug|Any CPU.Build.0 = Debug|Any CPU
		{4C737E64-50AA-4F5F-9AB7-FFB8650664C8}.Release|Any CPU.ActiveCfg = Release|Any CPU
		{4C737E64-50AA-4F5F-9AB7-FFB8650664C8}.Release|Any CPU.Build.0 = Release|Any CPU
	EndGlobalSection
	GlobalSection(SolutionProperties) = preSolution
		HideSolutionNode = FALSE
	EndGlobalSection
	GlobalSection(ExtensibilityGlobals) = postSolution
		SolutionGuid = {8AECAB0B-3DD6-4E94-82C8-54759AB280A6}
	EndGlobalSection
EndGlobal
