
Microsoft Visual Studio Solution File, Format Version 12.00
# Visual Studio Version 17
VisualStudioVersion = 17.10.35122.118
MinimumVisualStudioVersion = 10.0.40219.1
Project("{FAE04EC0-301F-11D3-BF4B-00C04F79EFBC}") = "624. Maximum Distance in Arrays", "624. Maximum Distance in Arrays\624. Maximum Distance in Arrays.csproj", "{8E300FB4-CC43-4A38-B442-DE1EFE79CC77}"
EndProject
Global
	GlobalSection(SolutionConfigurationPlatforms) = preSolution
		Debug|Any CPU = Debug|Any CPU
		Release|Any CPU = Release|Any CPU
	EndGlobalSection
	GlobalSection(ProjectConfigurationPlatforms) = postSolution
		{8E300FB4-CC43-4A38-B442-DE1EFE79CC77}.Debug|Any CPU.ActiveCfg = Debug|Any CPU
		{8E300FB4-CC43-4A38-B442-DE1EFE79CC77}.Debug|Any CPU.Build.0 = Debug|Any CPU
		{8E300FB4-CC43-4A38-B442-DE1EFE79CC77}.Release|Any CPU.ActiveCfg = Release|Any CPU
		{8E300FB4-CC43-4A38-B442-DE1EFE79CC77}.Release|Any CPU.Build.0 = Release|Any CPU
	EndGlobalSection
	GlobalSection(SolutionProperties) = preSolution
		HideSolutionNode = FALSE
	EndGlobalSection
	GlobalSection(ExtensibilityGlobals) = postSolution
		SolutionGuid = {34D60595-D445-4646-86D0-D9BC89BEB03B}
	EndGlobalSection
EndGlobal
