
Microsoft Visual Studio Solution File, Format Version 12.00
# Visual Studio Version 17
VisualStudioVersion = 17.11.35222.181
MinimumVisualStudioVersion = 10.0.40219.1
Project("{FAE04EC0-301F-11D3-BF4B-00C04F79EFBC}") = "1046. Last Stone Weight", "1046. Last Stone Weight\1046. Last Stone Weight.csproj", "{1BC9974C-3027-4E65-BFDC-12C7670C195D}"
EndProject
Global
	GlobalSection(SolutionConfigurationPlatforms) = preSolution
		Debug|Any CPU = Debug|Any CPU
		Release|Any CPU = Release|Any CPU
	EndGlobalSection
	GlobalSection(ProjectConfigurationPlatforms) = postSolution
		{1BC9974C-3027-4E65-BFDC-12C7670C195D}.Debug|Any CPU.ActiveCfg = Debug|Any CPU
		{1BC9974C-3027-4E65-BFDC-12C7670C195D}.Debug|Any CPU.Build.0 = Debug|Any CPU
		{1BC9974C-3027-4E65-BFDC-12C7670C195D}.Release|Any CPU.ActiveCfg = Release|Any CPU
		{1BC9974C-3027-4E65-BFDC-12C7670C195D}.Release|Any CPU.Build.0 = Release|Any CPU
	EndGlobalSection
	GlobalSection(SolutionProperties) = preSolution
		HideSolutionNode = FALSE
	EndGlobalSection
	GlobalSection(ExtensibilityGlobals) = postSolution
		SolutionGuid = {7433BB89-AAFE-4397-A38C-D70A08FF2F76}
	EndGlobalSection
EndGlobal
