
Microsoft Visual Studio Solution File, Format Version 12.00
# Visual Studio Version 17
VisualStudioVersion = 17.2.32516.85
MinimumVisualStudioVersion = 10.0.40219.1
Project("{FAE04EC0-301F-11D3-BF4B-00C04F79EFBC}") = "80. Remove Duplicates from Sorted Array II", "80. Remove Duplicates from Sorted Array II\80. Remove Duplicates from Sorted Array II.csproj", "{1023ADB7-71B6-4A7A-B660-68D5F1B6612F}"
EndProject
Global
	GlobalSection(SolutionConfigurationPlatforms) = preSolution
		Debug|Any CPU = Debug|Any CPU
		Release|Any CPU = Release|Any CPU
	EndGlobalSection
	GlobalSection(ProjectConfigurationPlatforms) = postSolution
		{1023ADB7-71B6-4A7A-B660-68D5F1B6612F}.Debug|Any CPU.ActiveCfg = Debug|Any CPU
		{1023ADB7-71B6-4A7A-B660-68D5F1B6612F}.Debug|Any CPU.Build.0 = Debug|Any CPU
		{1023ADB7-71B6-4A7A-B660-68D5F1B6612F}.Release|Any CPU.ActiveCfg = Release|Any CPU
		{1023ADB7-71B6-4A7A-B660-68D5F1B6612F}.Release|Any CPU.Build.0 = Release|Any CPU
	EndGlobalSection
	GlobalSection(SolutionProperties) = preSolution
		HideSolutionNode = FALSE
	EndGlobalSection
	GlobalSection(ExtensibilityGlobals) = postSolution
		SolutionGuid = {39257773-213C-4CA5-8AAE-C13B4053C7E1}
	EndGlobalSection
EndGlobal
