
Microsoft Visual Studio Solution File, Format Version 12.00
# Visual Studio Version 17
VisualStudioVersion = 17.2.32516.85
MinimumVisualStudioVersion = 10.0.40219.1
Project("{FAE04EC0-301F-11D3-BF4B-00C04F79EFBC}") = "27. Remove Element", "27. Remove Element\27. Remove Element.csproj", "{8B9F2242-B21B-4675-98F8-4C08740D150E}"
EndProject
Global
	GlobalSection(SolutionConfigurationPlatforms) = preSolution
		Debug|Any CPU = Debug|Any CPU
		Release|Any CPU = Release|Any CPU
	EndGlobalSection
	GlobalSection(ProjectConfigurationPlatforms) = postSolution
		{8B9F2242-B21B-4675-98F8-4C08740D150E}.Debug|Any CPU.ActiveCfg = Debug|Any CPU
		{8B9F2242-B21B-4675-98F8-4C08740D150E}.Debug|Any CPU.Build.0 = Debug|Any CPU
		{8B9F2242-B21B-4675-98F8-4C08740D150E}.Release|Any CPU.ActiveCfg = Release|Any CPU
		{8B9F2242-B21B-4675-98F8-4C08740D150E}.Release|Any CPU.Build.0 = Release|Any CPU
	EndGlobalSection
	GlobalSection(SolutionProperties) = preSolution
		HideSolutionNode = FALSE
	EndGlobalSection
	GlobalSection(ExtensibilityGlobals) = postSolution
		SolutionGuid = {60E2714B-471B-4BA2-99EE-57CB3E79E7E3}
	EndGlobalSection
EndGlobal
