
Microsoft Visual Studio Solution File, Format Version 12.00
# Visual Studio Version 17
VisualStudioVersion = 17.14.36127.28 d17.14
MinimumVisualStudioVersion = 10.0.40219.1
Project("{FAE04EC0-301F-11D3-BF4B-00C04F79EFBC}") = "3408. Design Task Manager", "3408. Design Task Manager\3408. Design Task Manager.csproj", "{F35B05C9-99A4-4F06-AAA7-5E6C7518BDB8}"
EndProject
Global
	GlobalSection(SolutionConfigurationPlatforms) = preSolution
		Debug|Any CPU = Debug|Any CPU
		Release|Any CPU = Release|Any CPU
	EndGlobalSection
	GlobalSection(ProjectConfigurationPlatforms) = postSolution
		{F35B05C9-99A4-4F06-AAA7-5E6C7518BDB8}.Debug|Any CPU.ActiveCfg = Debug|Any CPU
		{F35B05C9-99A4-4F06-AAA7-5E6C7518BDB8}.Debug|Any CPU.Build.0 = Debug|Any CPU
		{F35B05C9-99A4-4F06-AAA7-5E6C7518BDB8}.Release|Any CPU.ActiveCfg = Release|Any CPU
		{F35B05C9-99A4-4F06-AAA7-5E6C7518BDB8}.Release|Any CPU.Build.0 = Release|Any CPU
	EndGlobalSection
	GlobalSection(SolutionProperties) = preSolution
		HideSolutionNode = FALSE
	EndGlobalSection
	GlobalSection(ExtensibilityGlobals) = postSolution
		SolutionGuid = {06617FC1-88D2-4A7B-96B9-D1B84DB7771D}
	EndGlobalSection
EndGlobal
