
Microsoft Visual Studio Solution File, Format Version 12.00
# Visual Studio Version 17
VisualStudioVersion = 17.11.35222.181
MinimumVisualStudioVersion = 10.0.40219.1
Project("{FAE04EC0-301F-11D3-BF4B-00C04F79EFBC}") = "21. Merge Two Sorted Lists", "21. Merge Two Sorted Lists\21. Merge Two Sorted Lists.csproj", "{B8DCCB33-0E24-45B1-8452-57F1D4B7BC16}"
EndProject
Global
	GlobalSection(SolutionConfigurationPlatforms) = preSolution
		Debug|Any CPU = Debug|Any CPU
		Release|Any CPU = Release|Any CPU
	EndGlobalSection
	GlobalSection(ProjectConfigurationPlatforms) = postSolution
		{B8DCCB33-0E24-45B1-8452-57F1D4B7BC16}.Debug|Any CPU.ActiveCfg = Debug|Any CPU
		{B8DCCB33-0E24-45B1-8452-57F1D4B7BC16}.Debug|Any CPU.Build.0 = Debug|Any CPU
		{B8DCCB33-0E24-45B1-8452-57F1D4B7BC16}.Release|Any CPU.ActiveCfg = Release|Any CPU
		{B8DCCB33-0E24-45B1-8452-57F1D4B7BC16}.Release|Any CPU.Build.0 = Release|Any CPU
	EndGlobalSection
	GlobalSection(SolutionProperties) = preSolution
		HideSolutionNode = FALSE
	EndGlobalSection
	GlobalSection(ExtensibilityGlobals) = postSolution
		SolutionGuid = {3817A885-23A3-4129-A1DA-CC951B73C2AC}
	EndGlobalSection
EndGlobal
