
Microsoft Visual Studio Solution File, Format Version 12.00
# Visual Studio Version 17
VisualStudioVersion = 17.2.32516.85
MinimumVisualStudioVersion = 10.0.40219.1
Project("{FAE04EC0-301F-11D3-BF4B-00C04F79EFBC}") = "14. Longest Common Prefix", "14. Longest Common Prefix\14. Longest Common Prefix.csproj", "{11BE096C-68CB-48BF-ADDF-A14AC81A9C2D}"
EndProject
Global
	GlobalSection(SolutionConfigurationPlatforms) = preSolution
		Debug|Any CPU = Debug|Any CPU
		Release|Any CPU = Release|Any CPU
	EndGlobalSection
	GlobalSection(ProjectConfigurationPlatforms) = postSolution
		{11BE096C-68CB-48BF-ADDF-A14AC81A9C2D}.Debug|Any CPU.ActiveCfg = Debug|Any CPU
		{11BE096C-68CB-48BF-ADDF-A14AC81A9C2D}.Debug|Any CPU.Build.0 = Debug|Any CPU
		{11BE096C-68CB-48BF-ADDF-A14AC81A9C2D}.Release|Any CPU.ActiveCfg = Release|Any CPU
		{11BE096C-68CB-48BF-ADDF-A14AC81A9C2D}.Release|Any CPU.Build.0 = Release|Any CPU
	EndGlobalSection
	GlobalSection(SolutionProperties) = preSolution
		HideSolutionNode = FALSE
	EndGlobalSection
	GlobalSection(ExtensibilityGlobals) = postSolution
		SolutionGuid = {57877492-2649-40E6-AC2F-0FE9DEF58034}
	EndGlobalSection
EndGlobal
