
Microsoft Visual Studio Solution File, Format Version 12.00
# Visual Studio Version 17
VisualStudioVersion = 17.2.32516.85
MinimumVisualStudioVersion = 10.0.40219.1
Project("{FAE04EC0-301F-11D3-BF4B-00C04F79EFBC}") = "36. Valid Sudoku", "36. Valid Sudoku\36. Valid Sudoku.csproj", "{84BD21DE-2FEE-4E0D-9567-5190141C4B79}"
EndProject
Global
	GlobalSection(SolutionConfigurationPlatforms) = preSolution
		Debug|Any CPU = Debug|Any CPU
		Release|Any CPU = Release|Any CPU
	EndGlobalSection
	GlobalSection(ProjectConfigurationPlatforms) = postSolution
		{84BD21DE-2FEE-4E0D-9567-5190141C4B79}.Debug|Any CPU.ActiveCfg = Debug|Any CPU
		{84BD21DE-2FEE-4E0D-9567-5190141C4B79}.Debug|Any CPU.Build.0 = Debug|Any CPU
		{84BD21DE-2FEE-4E0D-9567-5190141C4B79}.Release|Any CPU.ActiveCfg = Release|Any CPU
		{84BD21DE-2FEE-4E0D-9567-5190141C4B79}.Release|Any CPU.Build.0 = Release|Any CPU
	EndGlobalSection
	GlobalSection(SolutionProperties) = preSolution
		HideSolutionNode = FALSE
	EndGlobalSection
	GlobalSection(ExtensibilityGlobals) = postSolution
		SolutionGuid = {B846747D-AD75-4AB3-A1FF-3D79C114638F}
	EndGlobalSection
EndGlobal
