
Microsoft Visual Studio Solution File, Format Version 12.00
# Visual Studio Version 17
VisualStudioVersion = 17.14.36127.28 d17.14
MinimumVisualStudioVersion = 10.0.40219.1
Project("{FAE04EC0-301F-11D3-BF4B-00C04F79EFBC}") = "1513. Number of Substrings With Only 1s", "1513. Number of Substrings With Only 1s\1513. Number of Substrings With Only 1s.csproj", "{A6283536-9235-4F96-8F85-45B76F5173A3}"
EndProject
Global
	GlobalSection(SolutionConfigurationPlatforms) = preSolution
		Debug|Any CPU = Debug|Any CPU
		Release|Any CPU = Release|Any CPU
	EndGlobalSection
	GlobalSection(ProjectConfigurationPlatforms) = postSolution
		{A6283536-9235-4F96-8F85-45B76F5173A3}.Debug|Any CPU.ActiveCfg = Debug|Any CPU
		{A6283536-9235-4F96-8F85-45B76F5173A3}.Debug|Any CPU.Build.0 = Debug|Any CPU
		{A6283536-9235-4F96-8F85-45B76F5173A3}.Release|Any CPU.ActiveCfg = Release|Any CPU
		{A6283536-9235-4F96-8F85-45B76F5173A3}.Release|Any CPU.Build.0 = Release|Any CPU
	EndGlobalSection
	GlobalSection(SolutionProperties) = preSolution
		HideSolutionNode = FALSE
	EndGlobalSection
	GlobalSection(ExtensibilityGlobals) = postSolution
		SolutionGuid = {CFC4EF22-CCBF-4ECB-8178-2601B0998921}
	EndGlobalSection
EndGlobal
