
Microsoft Visual Studio Solution File, Format Version 12.00
# Visual Studio Version 17
VisualStudioVersion = 17.11.35222.181
MinimumVisualStudioVersion = 10.0.40219.1
Project("{FAE04EC0-301F-11D3-BF4B-00C04F79EFBC}") = "23. Merge k Sorted Lists", "23. Merge k Sorted Lists\23. Merge k Sorted Lists.csproj", "{3D033E5E-FB81-4EDF-8318-88A169EA6428}"
EndProject
Global
	GlobalSection(SolutionConfigurationPlatforms) = preSolution
		Debug|Any CPU = Debug|Any CPU
		Release|Any CPU = Release|Any CPU
	EndGlobalSection
	GlobalSection(ProjectConfigurationPlatforms) = postSolution
		{3D033E5E-FB81-4EDF-8318-88A169EA6428}.Debug|Any CPU.ActiveCfg = Debug|Any CPU
		{3D033E5E-FB81-4EDF-8318-88A169EA6428}.Debug|Any CPU.Build.0 = Debug|Any CPU
		{3D033E5E-FB81-4EDF-8318-88A169EA6428}.Release|Any CPU.ActiveCfg = Release|Any CPU
		{3D033E5E-FB81-4EDF-8318-88A169EA6428}.Release|Any CPU.Build.0 = Release|Any CPU
	EndGlobalSection
	GlobalSection(SolutionProperties) = preSolution
		HideSolutionNode = FALSE
	EndGlobalSection
	GlobalSection(ExtensibilityGlobals) = postSolution
		SolutionGuid = {0E334A3E-84F7-49B2-91A3-01A61CC19B74}
	EndGlobalSection
EndGlobal
