
Microsoft Visual Studio Solution File, Format Version 12.00
# Visual Studio Version 17
VisualStudioVersion = 17.2.32516.85
MinimumVisualStudioVersion = 10.0.40219.1
Project("{FAE04EC0-301F-11D3-BF4B-00C04F79EFBC}") = "2. Add Two Numbers", "2. Add Two Numbers\2. Add Two Numbers.csproj", "{464C9302-4249-4F23-B131-471BAE55A217}"
EndProject
Global
	GlobalSection(SolutionConfigurationPlatforms) = preSolution
		Debug|Any CPU = Debug|Any CPU
		Release|Any CPU = Release|Any CPU
	EndGlobalSection
	GlobalSection(ProjectConfigurationPlatforms) = postSolution
		{464C9302-4249-4F23-B131-471BAE55A217}.Debug|Any CPU.ActiveCfg = Debug|Any CPU
		{464C9302-4249-4F23-B131-471BAE55A217}.Debug|Any CPU.Build.0 = Debug|Any CPU
		{464C9302-4249-4F23-B131-471BAE55A217}.Release|Any CPU.ActiveCfg = Release|Any CPU
		{464C9302-4249-4F23-B131-471BAE55A217}.Release|Any CPU.Build.0 = Release|Any CPU
	EndGlobalSection
	GlobalSection(SolutionProperties) = preSolution
		HideSolutionNode = FALSE
	EndGlobalSection
	GlobalSection(ExtensibilityGlobals) = postSolution
		SolutionGuid = {92DD8AE9-DB92-4AED-B316-7AB510B204BF}
	EndGlobalSection
EndGlobal
