
Microsoft Visual Studio Solution File, Format Version 12.00
# Visual Studio Version 17
VisualStudioVersion = 17.11.35222.181
MinimumVisualStudioVersion = 10.0.40219.1
Project("{FAE04EC0-301F-11D3-BF4B-00C04F79EFBC}") = "2579. Count Total Number of Colored Cells", "2579. Count Total Number of Colored Cells\2579. Count Total Number of Colored Cells.csproj", "{793B9992-4C7A-46FF-936E-BAE569277694}"
EndProject
Global
	GlobalSection(SolutionConfigurationPlatforms) = preSolution
		Debug|Any CPU = Debug|Any CPU
		Release|Any CPU = Release|Any CPU
	EndGlobalSection
	GlobalSection(ProjectConfigurationPlatforms) = postSolution
		{793B9992-4C7A-46FF-936E-BAE569277694}.Debug|Any CPU.ActiveCfg = Debug|Any CPU
		{793B9992-4C7A-46FF-936E-BAE569277694}.Debug|Any CPU.Build.0 = Debug|Any CPU
		{793B9992-4C7A-46FF-936E-BAE569277694}.Release|Any CPU.ActiveCfg = Release|Any CPU
		{793B9992-4C7A-46FF-936E-BAE569277694}.Release|Any CPU.Build.0 = Release|Any CPU
	EndGlobalSection
	GlobalSection(SolutionProperties) = preSolution
		HideSolutionNode = FALSE
	EndGlobalSection
	GlobalSection(ExtensibilityGlobals) = postSolution
		SolutionGuid = {3D0CC9AD-C1B2-4D54-A389-D77629B5396A}
	EndGlobalSection
EndGlobal
